// !$*UTF8*$!
{
	archiveVersion = 1;
	classes = {
	};
	objectVersion = 46;
	objects = {

/* Begin PBXBuildFile section */
		CF810B8D1CB254F0004E485B /* AppInfo.m in Sources */ = {isa = PBXBuildFile; fileRef = CF810B8C1CB254F0004E485B /* AppInfo.m */; };
		CF8CB3E31CB1F26800DF8028 /* main.m in Sources */ = {isa = PBXBuildFile; fileRef = CF8CB3E21CB1F26800DF8028 /* main.m */; };
		CF8CB3E61CB1F26800DF8028 /* AppDelegate.m in Sources */ = {isa = PBXBuildFile; fileRef = CF8CB3E51CB1F26800DF8028 /* AppDelegate.m */; };
		CF8CB3E91CB1F26800DF8028 /* ViewController.m in Sources */ = {isa = PBXBuildFile; fileRef = CF8CB3E81CB1F26800DF8028 /* ViewController.m */; };
		CF8CB3EC1CB1F26800DF8028 /* Main.storyboard in Resources */ = {isa = PBXBuildFile; fileRef = CF8CB3EA1CB1F26800DF8028 /* Main.storyboard */; };
		CF8CB3F11CB1F26800DF8028 /* Assets.xcassets in Resources */ = {isa = PBXBuildFile; fileRef = CF8CB3F01CB1F26800DF8028 /* Assets.xcassets */; };
		CF8CB3F41CB1F26800DF8028 /* LaunchScreen.storyboard in Resources */ = {isa = PBXBuildFile; fileRef = CF8CB3F21CB1F26800DF8028 /* LaunchScreen.storyboard */; };
		CF8CB3FF1CB1F26800DF8028 /* SquaredUpTests.m in Sources */ = {isa = PBXBuildFile; fileRef = CF8CB3FE1CB1F26800DF8028 /* SquaredUpTests.m */; };
		CF8CB40A1CB1F26800DF8028 /* SquaredUpUITests.m in Sources */ = {isa = PBXBuildFile; fileRef = CF8CB4091CB1F26800DF8028 /* SquaredUpUITests.m */; };
		CF8CB4181CB20ACB00DF8028 /* app.plist in Resources */ = {isa = PBXBuildFile; fileRef = CF8CB4171CB20ACB00DF8028 /* app.plist */; };
		CF8CB4261CB20AD200DF8028 /* icon_00.png in Resources */ = {isa = PBXBuildFile; fileRef = CF8CB41A1CB20AD200DF8028 /* icon_00.png */; };
		CF8CB4271CB20AD200DF8028 /* icon_01.png in Resources */ = {isa = PBXBuildFile; fileRef = CF8CB41B1CB20AD200DF8028 /* icon_01.png */; };
		CF8CB4281CB20AD200DF8028 /* icon_02.png in Resources */ = {isa = PBXBuildFile; fileRef = CF8CB41C1CB20AD200DF8028 /* icon_02.png */; };
		CF8CB4291CB20AD200DF8028 /* icon_03.png in Resources */ = {isa = PBXBuildFile; fileRef = CF8CB41D1CB20AD200DF8028 /* icon_03.png */; };
		CF8CB42A1CB20AD200DF8028 /* icon_04.png in Resources */ = {isa = PBXBuildFile; fileRef = CF8CB41E1CB20AD200DF8028 /* icon_04.png */; };
		CF8CB42B1CB20AD200DF8028 /* icon_05.png in Resources */ = {isa = PBXBuildFile; fileRef = CF8CB41F1CB20AD200DF8028 /* icon_05.png */; };
		CF8CB42C1CB20AD200DF8028 /* icon_06.png in Resources */ = {isa = PBXBuildFile; fileRef = CF8CB4201CB20AD200DF8028 /* icon_06.png */; };
		CF8CB42D1CB20AD200DF8028 /* icon_07.png in Resources */ = {isa = PBXBuildFile; fileRef = CF8CB4211CB20AD200DF8028 /* icon_07.png */; };
		CF8CB42E1CB20AD200DF8028 /* icon_08.png in Resources */ = {isa = PBXBuildFile; fileRef = CF8CB4221CB20AD200DF8028 /* icon_08.png */; };
		CF8CB42F1CB20AD200DF8028 /* icon_09.png in Resources */ = {isa = PBXBuildFile; fileRef = CF8CB4231CB20AD200DF8028 /* icon_09.png */; };
		CF8CB4301CB20AD200DF8028 /* icon_10.png in Resources */ = {isa = PBXBuildFile; fileRef = CF8CB4241CB20AD200DF8028 /* icon_10.png */; };
		CF8CB4311CB20AD200DF8028 /* icon_11.png in Resources */ = {isa = PBXBuildFile; fileRef = CF8CB4251CB20AD200DF8028 /* icon_11.png */; };
/* End PBXBuildFile section */

/* Begin PBXContainerItemProxy section */
		CF8CB3FB1CB1F26800DF8028 /* PBXContainerItemProxy */ = {
			isa = PBXContainerItemProxy;
			containerPortal = CF8CB3D61CB1F26700DF8028 /* Project object */;
			proxyType = 1;
			remoteGlobalIDString = CF8CB3DD1CB1F26700DF8028;
			remoteInfo = SquaredUp;
		};
		CF8CB4061CB1F26800DF8028 /* PBXContainerItemProxy */ = {
			isa = PBXContainerItemProxy;
			containerPortal = CF8CB3D61CB1F26700DF8028 /* Project object */;
			proxyType = 1;
			remoteGlobalIDString = CF8CB3DD1CB1F26700DF8028;
			remoteInfo = SquaredUp;
		};
/* End PBXContainerItemProxy section */

/* Begin PBXFileReference section */
		CF810B8B1CB254F0004E485B /* AppInfo.h */ = {isa = PBXFileReference; fileEncoding = 4; lastKnownFileType = sourcecode.c.h; path = AppInfo.h; sourceTree = "<group>"; };
		CF810B8C1CB254F0004E485B /* AppInfo.m */ = {isa = PBXFileReference; fileEncoding = 4; lastKnownFileType = sourcecode.c.objc; path = AppInfo.m; sourceTree = "<group>"; };
		CF8CB3DE1CB1F26800DF8028 /* SquaredUp.app */ = {isa = PBXFileReference; explicitFileType = wrapper.application; includeInIndex = 0; path = SquaredUp.app; sourceTree = BUILT_PRODUCTS_DIR; };
		CF8CB3E21CB1F26800DF8028 /* main.m */ = {isa = PBXFileReference; lastKnownFileType = sourcecode.c.objc; path = main.m; sourceTree = "<group>"; };
		CF8CB3E41CB1F26800DF8028 /* AppDelegate.h */ = {isa = PBXFileReference; lastKnownFileType = sourcecode.c.h; path = AppDelegate.h; sourceTree = "<group>"; };
		CF8CB3E51CB1F26800DF8028 /* AppDelegate.m */ = {isa = PBXFileReference; lastKnownFileType = sourcecode.c.objc; path = AppDelegate.m; sourceTree = "<group>"; };
		CF8CB3E71CB1F26800DF8028 /* ViewController.h */ = {isa = PBXFileReference; lastKnownFileType = sourcecode.c.h; path = ViewController.h; sourceTree = "<group>"; };
		CF8CB3E81CB1F26800DF8028 /* ViewController.m */ = {isa = PBXFileReference; lastKnownFileType = sourcecode.c.objc; path = ViewController.m; sourceTree = "<group>"; };
		CF8CB3EB1CB1F26800DF8028 /* Base */ = {isa = PBXFileReference; lastKnownFileType = file.storyboard; name = Base; path = Base.lproj/Main.storyboard; sourceTree = "<group>"; };
		CF8CB3F01CB1F26800DF8028 /* Assets.xcassets */ = {isa = PBXFileReference; lastKnownFileType = folder.assetcatalog; path = Assets.xcassets; sourceTree = "<group>"; };
		CF8CB3F31CB1F26800DF8028 /* Base */ = {isa = PBXFileReference; lastKnownFileType = file.storyboard; name = Base; path = Base.lproj/LaunchScreen.storyboard; sourceTree = "<group>"; };
		CF8CB3F51CB1F26800DF8028 /* Info.plist */ = {isa = PBXFileReference; lastKnownFileType = text.plist.xml; path = Info.plist; sourceTree = "<group>"; };
		CF8CB3FA1CB1F26800DF8028 /* SquaredUpTests.xctest */ = {isa = PBXFileReference; explicitFileType = wrapper.cfbundle; includeInIndex = 0; path = SquaredUpTests.xctest; sourceTree = BUILT_PRODUCTS_DIR; };
		CF8CB3FE1CB1F26800DF8028 /* SquaredUpTests.m */ = {isa = PBXFileReference; lastKnownFileType = sourcecode.c.objc; path = SquaredUpTests.m; sourceTree = "<group>"; };
		CF8CB4001CB1F26800DF8028 /* Info.plist */ = {isa = PBXFileReference; lastKnownFileType = text.plist.xml; path = Info.plist; sourceTree = "<group>"; };
		CF8CB4051CB1F26800DF8028 /* SquaredUpUITests.xctest */ = {isa = PBXFileReference; explicitFileType = wrapper.cfbundle; includeInIndex = 0; path = SquaredUpUITests.xctest; sourceTree = BUILT_PRODUCTS_DIR; };
		CF8CB4091CB1F26800DF8028 /* SquaredUpUITests.m */ = {isa = PBXFileReference; lastKnownFileType = sourcecode.c.objc; path = SquaredUpUITests.m; sourceTree = "<group>"; };
		CF8CB40B1CB1F26800DF8028 /* Info.plist */ = {isa = PBXFileReference; lastKnownFileType = text.plist.xml; path = Info.plist; sourceTree = "<group>"; };
		CF8CB4171CB20ACB00DF8028 /* app.plist */ = {isa = PBXFileReference; fileEncoding = 4; lastKnownFileType = text.plist.xml; path = app.plist; sourceTree = "<group>"; };
		CF8CB41A1CB20AD200DF8028 /* icon_00.png */ = {isa = PBXFileReference; lastKnownFileType = image.png; path = icon_00.png; sourceTree = "<group>"; };
		CF8CB41B1CB20AD200DF8028 /* icon_01.png */ = {isa = PBXFileReference; lastKnownFileType = image.png; path = icon_01.png; sourceTree = "<group>"; };
		CF8CB41C1CB20AD200DF8028 /* icon_02.png */ = {isa = PBXFileReference; lastKnownFileType = image.png; path = icon_02.png; sourceTree = "<group>"; };
		CF8CB41D1CB20AD200DF8028 /* icon_03.png */ = {isa = PBXFileReference; lastKnownFileType = image.png; path = icon_03.png; sourceTree = "<group>"; };
		CF8CB41E1CB20AD200DF8028 /* icon_04.png */ = {isa = PBXFileReference; lastKnownFileType = image.png; path = icon_04.png; sourceTree = "<group>"; };
		CF8CB41F1CB20AD200DF8028 /* icon_05.png */ = {isa = PBXFileReference; lastKnownFileType = image.png; path = icon_05.png; sourceTree = "<group>"; };
		CF8CB4201CB20AD200DF8028 /* icon_06.png */ = {isa = PBXFileReference; lastKnownFileType = image.png; path = icon_06.png; sourceTree = "<group>"; };
		CF8CB4211CB20AD200DF8028 /* icon_07.png */ = {isa = PBXFileReference; lastKnownFileType = image.png; path = icon_07.png; sourceTree = "<group>"; };
		CF8CB4221CB20AD200DF8028 /* icon_08.png */ = {isa = PBXFileReference; lastKnownFileType = image.png; path = icon_08.png; sourceTree = "<group>"; };
		CF8CB4231CB20AD200DF8028 /* icon_09.png */ = {isa = PBXFileReference; lastKnownFileType = image.png; path = icon_09.png; sourceTree = "<group>"; };
		CF8CB4241CB20AD200DF8028 /* icon_10.png */ = {isa = PBXFileReference; lastKnownFileType = image.png; path = icon_10.png; sourceTree = "<group>"; };
		CF8CB4251CB20AD200DF8028 /* icon_11.png */ = {isa = PBXFileReference; lastKnownFileType = image.png; path = icon_11.png; sourceTree = "<group>"; };
/* End PBXFileReference section */

/* Begin PBXFrameworksBuildPhase section */
		CF8CB3DB1CB1F26700DF8028 /* Frameworks */ = {
			isa = PBXFrameworksBuildPhase;
			buildActionMask = 2147483647;
			files = (
			);
			runOnlyForDeploymentPostprocessing = 0;
		};
		CF8CB3F71CB1F26800DF8028 /* Frameworks */ = {
			isa = PBXFrameworksBuildPhase;
			buildActionMask = 2147483647;
			files = (
			);
			runOnlyForDeploymentPostprocessing = 0;
		};
		CF8CB4021CB1F26800DF8028 /* Frameworks */ = {
			isa = PBXFrameworksBuildPhase;
			buildActionMask = 2147483647;
			files = (
			);
			runOnlyForDeploymentPostprocessing = 0;
		};
/* End PBXFrameworksBuildPhase section */

/* Begin PBXGroup section */
		CF8CB3D51CB1F26700DF8028 = {
			isa = PBXGroup;
			children = (
				CF8CB3E01CB1F26800DF8028 /* SquaredUp */,
				CF8CB3FD1CB1F26800DF8028 /* SquaredUpTests */,
				CF8CB4081CB1F26800DF8028 /* SquaredUpUITests */,
				CF8CB3DF1CB1F26800DF8028 /* Products */,
			);
			sourceTree = "<group>";
		};
		CF8CB3DF1CB1F26800DF8028 /* Products */ = {
			isa = PBXGroup;
			children = (
				CF8CB3DE1CB1F26800DF8028 /* SquaredUp.app */,
				CF8CB3FA1CB1F26800DF8028 /* SquaredUpTests.xctest */,
				CF8CB4051CB1F26800DF8028 /* SquaredUpUITests.xctest */,
			);
			name = Products;
			sourceTree = "<group>";
		};
		CF8CB3E01CB1F26800DF8028 /* SquaredUp */ = {
			isa = PBXGroup;
			children = (
				CF8CB3E41CB1F26800DF8028 /* AppDelegate.h */,
				CF8CB3E51CB1F26800DF8028 /* AppDelegate.m */,
				CF8CB3E71CB1F26800DF8028 /* ViewController.h */,
				CF8CB3E81CB1F26800DF8028 /* ViewController.m */,
				CF8CB3EA1CB1F26800DF8028 /* Main.storyboard */,
				CF8CB3F01CB1F26800DF8028 /* Assets.xcassets */,
				CF8CB3F21CB1F26800DF8028 /* LaunchScreen.storyboard */,
				CF8CB3F51CB1F26800DF8028 /* Info.plist */,
				CF8CB3E11CB1F26800DF8028 /* Supporting Files */,
			);
			path = SquaredUp;
			sourceTree = "<group>";
		};
		CF8CB3E11CB1F26800DF8028 /* Supporting Files */ = {
			isa = PBXGroup;
			children = (
				CF8CB4171CB20ACB00DF8028 /* app.plist */,
				CF8CB3E21CB1F26800DF8028 /* main.m */,
				CF810B8B1CB254F0004E485B /* AppInfo.h */,
				CF810B8C1CB254F0004E485B /* AppInfo.m */,
				CF8CB4191CB20AD200DF8028 /* Icons */,
			);
			name = "Supporting Files";
			sourceTree = "<group>";
		};
		CF8CB3FD1CB1F26800DF8028 /* SquaredUpTests */ = {
			isa = PBXGroup;
			children = (
				CF8CB3FE1CB1F26800DF8028 /* SquaredUpTests.m */,
				CF8CB4001CB1F26800DF8028 /* Info.plist */,
			);
			path = SquaredUpTests;
			sourceTree = "<group>";
		};
		CF8CB4081CB1F26800DF8028 /* SquaredUpUITests */ = {
			isa = PBXGroup;
			children = (
				CF8CB4091CB1F26800DF8028 /* SquaredUpUITests.m */,
				CF8CB40B1CB1F26800DF8028 /* Info.plist */,
			);
			path = SquaredUpUITests;
			sourceTree = "<group>";
		};
		CF8CB4191CB20AD200DF8028 /* Icons */ = {
			isa = PBXGroup;
			children = (
				CF8CB41A1CB20AD200DF8028 /* icon_00.png */,
				CF8CB41B1CB20AD200DF8028 /* icon_01.png */,
				CF8CB41C1CB20AD200DF8028 /* icon_02.png */,
				CF8CB41D1CB20AD200DF8028 /* icon_03.png */,
				CF8CB41E1CB20AD200DF8028 /* icon_04.png */,
				CF8CB41F1CB20AD200DF8028 /* icon_05.png */,
				CF8CB4201CB20AD200DF8028 /* icon_06.png */,
				CF8CB4211CB20AD200DF8028 /* icon_07.png */,
				CF8CB4221CB20AD200DF8028 /* icon_08.png */,
				CF8CB4231CB20AD200DF8028 /* icon_09.png */,
				CF8CB4241CB20AD200DF8028 /* icon_10.png */,
				CF8CB4251CB20AD200DF8028 /* icon_11.png */,
			);
			path = Icons;
			sourceTree = "<group>";
		};
/* End PBXGroup section */

/* Begin PBXNativeTarget section */
		CF8CB3DD1CB1F26700DF8028 /* SquaredUp */ = {
			isa = PBXNativeTarget;
			buildConfigurationList = CF8CB40E1CB1F26800DF8028 /* Build configuration list for PBXNativeTarget "SquaredUp" */;
			buildPhases = (
				CF8CB3DA1CB1F26700DF8028 /* Sources */,
				CF8CB3DB1CB1F26700DF8028 /* Frameworks */,
				CF8CB3DC1CB1F26700DF8028 /* Resources */,
			);
			buildRules = (
			);
			dependencies = (
			);
			name = SquaredUp;
			productName = SquaredUp;
			productReference = CF8CB3DE1CB1F26800DF8028 /* SquaredUp.app */;
			productType = "com.apple.product-type.application";
		};
		CF8CB3F91CB1F26800DF8028 /* SquaredUpTests */ = {
			isa = PBXNativeTarget;
			buildConfigurationList = CF8CB4111CB1F26800DF8028 /* Build configuration list for PBXNativeTarget "SquaredUpTests" */;
			buildPhases = (
				CF8CB3F61CB1F26800DF8028 /* Sources */,
				CF8CB3F71CB1F26800DF8028 /* Frameworks */,
				CF8CB3F81CB1F26800DF8028 /* Resources */,
			);
			buildRules = (
			);
			dependencies = (
				CF8CB3FC1CB1F26800DF8028 /* PBXTargetDependency */,
			);
			name = SquaredUpTests;
			productName = SquaredUpTests;
			productReference = CF8CB3FA1CB1F26800DF8028 /* SquaredUpTests.xctest */;
			productType = "com.apple.product-type.bundle.unit-test";
		};
		CF8CB4041CB1F26800DF8028 /* SquaredUpUITests */ = {
			isa = PBXNativeTarget;
			buildConfigurationList = CF8CB4141CB1F26800DF8028 /* Build configuration list for PBXNativeTarget "SquaredUpUITests" */;
			buildPhases = (
				CF8CB4011CB1F26800DF8028 /* Sources */,
				CF8CB4021CB1F26800DF8028 /* Frameworks */,
				CF8CB4031CB1F26800DF8028 /* Resources */,
			);
			buildRules = (
			);
			dependencies = (
				CF8CB4071CB1F26800DF8028 /* PBXTargetDependency */,
			);
			name = SquaredUpUITests;
			productName = SquaredUpUITests;
			productReference = CF8CB4051CB1F26800DF8028 /* SquaredUpUITests.xctest */;
			productType = "com.apple.product-type.bundle.ui-testing";
		};
/* End PBXNativeTarget section */

/* Begin PBXProject section */
		CF8CB3D61CB1F26700DF8028 /* Project object */ = {
			isa = PBXProject;
			attributes = {
				LastUpgradeCheck = 0730;
				ORGANIZATIONNAME = jiangsu;
				TargetAttributes = {
					CF8CB3DD1CB1F26700DF8028 = {
						CreatedOnToolsVersion = 7.3;
						DevelopmentTeam = 4SU7V64Q9J;
					};
					CF8CB3F91CB1F26800DF8028 = {
						CreatedOnToolsVersion = 7.3;
						DevelopmentTeam = 4SU7V64Q9J;
						TestTargetID = CF8CB3DD1CB1F26700DF8028;
					};
					CF8CB4041CB1F26800DF8028 = {
						CreatedOnToolsVersion = 7.3;
						DevelopmentTeam = 4SU7V64Q9J;
						TestTargetID = CF8CB3DD1CB1F26700DF8028;
					};
				};
			};
			buildConfigurationList = CF8CB3D91CB1F26700DF8028 /* Build configuration list for PBXProject "SquaredUp" */;
			compatibilityVersion = "Xcode 3.2";
			developmentRegion = English;
			hasScannedForEncodings = 0;
			knownRegions = (
				en,
				Base,
			);
			mainGroup = CF8CB3D51CB1F26700DF8028;
			productRefGroup = CF8CB3DF1CB1F26800DF8028 /* Products */;
			projectDirPath = "";
			projectRoot = "";
			targets = (
				CF8CB3DD1CB1F26700DF8028 /* SquaredUp */,
				CF8CB3F91CB1F26800DF8028 /* SquaredUpTests */,
				CF8CB4041CB1F26800DF8028 /* SquaredUpUITests */,
			);
		};
/* End PBXProject section */

/* Begin PBXResourcesBuildPhase section */
		CF8CB3DC1CB1F26700DF8028 /* Resources */ = {
			isa = PBXResourcesBuildPhase;
			buildActionMask = 2147483647;
			files = (
				CF8CB4261CB20AD200DF8028 /* icon_00.png in Resources */,
				CF8CB42D1CB20AD200DF8028 /* icon_07.png in Resources */,
				CF8CB4291CB20AD200DF8028 /* icon_03.png in Resources */,
				CF8CB4271CB20AD200DF8028 /* icon_01.png in Resources */,
				CF8CB4181CB20ACB00DF8028 /* app.plist in Resources */,
				CF8CB3F41CB1F26800DF8028 /* LaunchScreen.storyboard in Resources */,
				CF8CB42B1CB20AD200DF8028 /* icon_05.png in Resources */,
				CF8CB4281CB20AD200DF8028 /* icon_02.png in Resources */,
				CF8CB4311CB20AD200DF8028 /* icon_11.png in Resources */,
				CF8CB3F11CB1F26800DF8028 /* Assets.xcassets in Resources */,
				CF8CB42C1CB20AD200DF8028 /* icon_06.png in Resources */,
				CF8CB42A1CB20AD200DF8028 /* icon_04.png in Resources */,
				CF8CB42F1CB20AD200DF8028 /* icon_09.png in Resources */,
				CF8CB3EC1CB1F26800DF8028 /* Main.storyboard in Resources */,
				CF8CB4301CB20AD200DF8028 /* icon_10.png in Resources */,
				CF8CB42E1CB20AD200DF8028 /* icon_08.png in Resources */,
			);
			runOnlyForDeploymentPostprocessing = 0;
		};
		CF8CB3F81CB1F26800DF8028 /* Resources */ = {
			isa = PBXResourcesBuildPhase;
			buildActionMask = 2147483647;
			files = (
			);
			runOnlyForDeploymentPostprocessing = 0;
		};
		CF8CB4031CB1F26800DF8028 /* Resources */ = {
			isa = PBXResourcesBuildPhase;
			buildActionMask = 2147483647;
			files = (
			);
			runOnlyForDeploymentPostprocessing = 0;
		};
/* End PBXResourcesBuildPhase section */

/* Begin PBXSourcesBuildPhase section */
		CF8CB3DA1CB1F26700DF8028 /* Sources */ = {
			isa = PBXSourcesBuildPhase;
			buildActionMask = 2147483647;
			files = (
				CF810B8D1CB254F0004E485B /* AppInfo.m in Sources */,
				CF8CB3E91CB1F26800DF8028 /* ViewController.m in Sources */,
				CF8CB3E61CB1F26800DF8028 /* AppDelegate.m in Sources */,
				CF8CB3E31CB1F26800DF8028 /* main.m in Sources */,
			);
			runOnlyForDeploymentPostprocessing = 0;
		};
		CF8CB3F61CB1F26800DF8028 /* Sources */ = {
			isa = PBXSourcesBuildPhase;
			buildActionMask = 2147483647;
			files = (
				CF8CB3FF1CB1F26800DF8028 /* SquaredUpTests.m in Sources */,
			);
			runOnlyForDeploymentPostprocessing = 0;
		};
		CF8CB4011CB1F26800DF8028 /* Sources */ = {
			isa = PBXSourcesBuildPhase;
			buildActionMask = 2147483647;
			files = (
				CF8CB40A1CB1F26800DF8028 /* SquaredUpUITests.m in Sources */,
			);
			runOnlyForDeploymentPostprocessing = 0;
		};
/* End PBXSourcesBuildPhase section */

/* Begin PBXTargetDependency section */
		CF8CB3FC1CB1F26800DF8028 /* PBXTargetDependency */ = {
			isa = PBXTargetDependency;
			target = CF8CB3DD1CB1F26700DF8028 /* SquaredUp */;
			targetProxy = CF8CB3FB1CB1F26800DF8028 /* PBXContainerItemProxy */;
		};
		CF8CB4071CB1F26800DF8028 /* PBXTargetDependency */ = {
			isa = PBXTargetDependency;
			target = CF8CB3DD1CB1F26700DF8028 /* SquaredUp */;
			targetProxy = CF8CB4061CB1F26800DF8028 /* PBXContainerItemProxy */;
		};
/* End PBXTargetDependency section */

/* Begin PBXVariantGroup section */
		CF8CB3EA1CB1F26800DF8028 /* Main.storyboard */ = {
			isa = PBXVariantGroup;
			children = (
				CF8CB3EB1CB1F26800DF8028 /* Base */,
			);
			name = Main.storyboard;
			sourceTree = "<group>";
		};
		CF8CB3F21CB1F26800DF8028 /* LaunchScreen.storyboard */ = {
			isa = PBXVariantGroup;
			children = (
				CF8CB3F31CB1F26800DF8028 /* Base */,
			);
			name = LaunchScreen.storyboard;
			sourceTree = "<group>";
		};
/* End PBXVariantGroup section */

/* Begin XCBuildConfiguration section */
		CF8CB40C1CB1F26800DF8028 /* Debug */ = {
			isa = XCBuildConfiguration;
			buildSettings = {
				ALWAYS_SEARCH_USER_PATHS = NO;
				CLANG_ANALYZER_NONNULL = YES;
				CLANG_CXX_LANGUAGE_STANDARD = "gnu++0x";
				CLANG_CXX_LIBRARY = "libc++";
				CLANG_ENABLE_MODULES = YES;
				CLANG_ENABLE_OBJC_ARC = YES;
				CLANG_WARN_BOOL_CONVERSION = YES;
				CLANG_WARN_CONSTANT_CONVERSION = YES;
				CLANG_WARN_DIRECT_OBJC_ISA_USAGE = YES_ERROR;
				CLANG_WARN_EMPTY_BODY = YES;
				CLANG_WARN_ENUM_CONVERSION = YES;
				CLANG_WARN_INT_CONVERSION = YES;
				CLANG_WARN_OBJC_ROOT_CLASS = YES_ERROR;
				CLANG_WARN_UNREACHABLE_CODE = YES;
				CLANG_WARN__DUPLICATE_METHOD_MATCH = YES;
				"CODE_SIGN_IDENTITY[sdk=iphoneos*]" = "iPhone Developer";
				COPY_PHASE_STRIP = NO;
				DEBUG_INFORMATION_FORMAT = dwarf;
				ENABLE_STRICT_OBJC_MSGSEND = YES;
				ENABLE_TESTABILITY = YES;
				GCC_C_LANGUAGE_STANDARD = gnu99;
				GCC_DYNAMIC_NO_PIC = NO;
				GCC_NO_COMMON_BLOCKS = YES;
				GCC_OPTIMIZATION_LEVEL = 0;
				GCC_PREPROCESSOR_DEFINITIONS = (
					"DEBUG=1",
					"$(inherited)",
				);
				GCC_WARN_64_TO_32_BIT_CONVERSION = YES;
				GCC_WARN_ABOUT_RETURN_TYPE = YES_ERROR;
				GCC_WARN_UNDECLARED_SELECTOR = YES;
				GCC_WARN_UNINITIALIZED_AUTOS = YES_AGGRESSIVE;
				GCC_WARN_UNUSED_FUNCTION = YES;
				GCC_WARN_UNUSED_VARIABLE = YES;
				IPHONEOS_DEPLOYMENT_TARGET = 9.3;
				MTL_ENABLE_DEBUG_INFO = YES;
				ONLY_ACTIVE_ARCH = YES;
				SDKROOT = iphoneos;
			};
			name = Debug;
		};
		CF8CB40D1CB1F26800DF8028 /* Release */ = {
			isa = XCBuildConfiguration;
			buildSettings = {
				ALWAYS_SEARCH_USER_PATHS = NO;
				CLANG_ANALYZER_NONNULL = YES;
				CLANG_CXX_LANGUAGE_STANDARD = "gnu++0x";
				CLANG_CXX_LIBRARY = "libc++";
				CLANG_ENABLE_MODULES = YES;
				CLANG_ENABLE_OBJC_ARC = YES;
				CLANG_WARN_BOOL_CONVERSION = YES;
				CLANG_WARN_CONSTANT_CONVERSION = YES;
				CLANG_WARN_DIRECT_OBJC_ISA_USAGE = YES_ERROR;
				CLANG_WARN_EMPTY_BODY = YES;
				CLANG_WARN_ENUM_CONVERSION = YES;
				CLANG_WARN_INT_CONVERSION = YES;
				CLANG_WARN_OBJC_ROOT_CLASS = YES_ERROR;
				CLANG_WARN_UNREACHABLE_CODE = YES;
				CLANG_WARN__DUPLICATE_METHOD_MATCH = YES;
				"CODE_SIGN_IDENTITY[sdk=iphoneos*]" = "iPhone Developer";
				COPY_PHASE_STRIP = NO;
				DEBUG_INFORMATION_FORMAT = "dwarf-with-dsym";
				ENABLE_NS_ASSERTIONS = NO;
				ENABLE_STRICT_OBJC_MSGSEND = YES;
				GCC_C_LANGUAGE_STANDARD = gnu99;
				GCC_NO_COMMON_BLOCKS = YES;
				GCC_WARN_64_TO_32_BIT_CONVERSION = YES;
				GCC_WARN_ABOUT_RETURN_TYPE = YES_ERROR;
				GCC_WARN_UNDECLARED_SELECTOR = YES;
				GCC_WARN_UNINITIALIZED_AUTOS = YES_AGGRESSIVE;
				GCC_WARN_UNUSED_FUNCTION = YES;
				GCC_WARN_UNUSED_VARIABLE = YES;
				IPHONEOS_DEPLOYMENT_TARGET = 9.3;
				MTL_ENABLE_DEBUG_INFO = NO;
				SDKROOT = iphoneos;
				VALIDATE_PRODUCT = YES;
			};
			name = Release;
		};
		CF8CB40F1CB1F26800DF8028 /* Debug */ = {
			isa = XCBuildConfiguration;
			buildSettings = {
				ASSETCATALOG_COMPILER_APPICON_NAME = AppIcon;
				INFOPLIST_FILE = SquaredUp/Info.plist;
				IPHONEOS_DEPLOYMENT_TARGET = 8.0;
				LD_RUNPATH_SEARCH_PATHS = "$(inherited) @executable_path/Frameworks";
				PRODUCT_BUNDLE_IDENTIFIER = com.jiangsu.SquaredUp;
				PRODUCT_NAME = "$(TARGET_NAME)";
			};
			name = Debug;
		};
		CF8CB4101CB1F26800DF8028 /* Release */ = {
			isa = XCBuildConfiguration;
			buildSettings = {
				ASSETCATALOG_COMPILER_APPICON_NAME = AppIcon;
				INFOPLIST_FILE = SquaredUp/Info.plist;
				IPHONEOS_DEPLOYMENT_TARGET = 8.0;
				LD_RUNPATH_SEARCH_PATHS = "$(inherited) @executable_path/Frameworks";
				PRODUCT_BUNDLE_IDENTIFIER = com.jiangsu.SquaredUp;
				PRODUCT_NAME = "$(TARGET_NAME)";
			};
			name = Release;
		};
		CF8CB4121CB1F26800DF8028 /* Debug */ = {
			isa = XCBuildConfiguration;
			buildSettings = {
				BUNDLE_LOADER = "$(TEST_HOST)";
				INFOPLIST_FILE = SquaredUpTests/Info.plist;
				LD_RUNPATH_SEARCH_PATHS = "$(inherited) @executable_path/Frameworks @loader_path/Frameworks";
				PRODUCT_BUNDLE_IDENTIFIER = com.jiangsu.SquaredUpTests;
				PRODUCT_NAME = "$(TARGET_NAME)";
				TEST_HOST = "$(BUILT_PRODUCTS_DIR)/SquaredUp.app/SquaredUp";
			};
			name = Debug;
		};
		CF8CB4131CB1F26800DF8028 /* Release */ = {
			isa = XCBuildConfiguration;
			buildSettings = {
				BUNDLE_LOADER = "$(TEST_HOST)";
				INFOPLIST_FILE = SquaredUpTests/Info.plist;
				LD_RUNPATH_SEARCH_PATHS = "$(inherited) @executable_path/Frameworks @loader_path/Frameworks";
				PRODUCT_BUNDLE_IDENTIFIER = com.jiangsu.SquaredUpTests;
				PRODUCT_NAME = "$(TARGET_NAME)";
				TEST_HOST = "$(BUILT_PRODUCTS_DIR)/SquaredUp.app/SquaredUp";
			};
			name = Release;
		};
		CF8CB4151CB1F26800DF8028 /* Debug */ = {
			isa = XCBuildConfiguration;
			buildSettings = {
				INFOPLIST_FILE = SquaredUpUITests/Info.plist;
				LD_RUNPATH_SEARCH_PATHS = "$(inherited) @executable_path/Frameworks @loader_path/Frameworks";
				PRODUCT_BUNDLE_IDENTIFIER = com.jiangsu.SquaredUpUITests;
				PRODUCT_NAME = "$(TARGET_NAME)";
				TEST_TARGET_NAME = SquaredUp;
			};
			name = Debug;
		};
		CF8CB4161CB1F26800DF8028 /* Release */ = {
			isa = XCBuildConfiguration;
			buildSettings = {
				INFOPLIST_FILE = SquaredUpUITests/Info.plist;
				LD_RUNPATH_SEARCH_PATHS = "$(inherited) @executable_path/Frameworks @loader_path/Frameworks";
				PRODUCT_BUNDLE_IDENTIFIER = com.jiangsu.SquaredUpUITests;
				PRODUCT_NAME = "$(TARGET_NAME)";
				TEST_TARGET_NAME = SquaredUp;
			};
			name = Release;
		};
/* End XCBuildConfiguration section */

/* Begin XCConfigurationList section */
		CF8CB3D91CB1F26700DF8028 /* Build configuration list for PBXProject "SquaredUp" */ = {
			isa = XCConfigurationList;
			buildConfigurations = (
				CF8CB40C1CB1F26800DF8028 /* Debug */,
				CF8CB40D1CB1F26800DF8028 /* Release */,
			);
			defaultConfigurationIsVisible = 0;
			defaultConfigurationName = Release;
		};
		CF8CB40E1CB1F26800DF8028 /* Build configuration list for PBXNativeTarget "SquaredUp" */ = {
			isa = XCConfigurationList;
			buildConfigurations = (
				CF8CB40F1CB1F26800DF8028 /* Debug */,
				CF8CB4101CB1F26800DF8028 /* Release */,
			);
			defaultConfigurationIsVisible = 0;
			defaultConfigurationName = Release;
		};
		CF8CB4111CB1F26800DF8028 /* Build configuration list for PBXNativeTarget "SquaredUpTests" */ = {
			isa = XCConfigurationList;
			buildConfigurations = (
				CF8CB4121CB1F26800DF8028 /* Debug */,
				CF8CB4131CB1F26800DF8028 /* Release */,
			);
			defaultConfigurationIsVisible = 0;
			defaultConfigurationName = Release;
		};
		CF8CB4141CB1F26800DF8028 /* Build configuration list for PBXNativeTarget "SquaredUpUITests" */ = {
			isa = XCConfigurationList;
			buildConfigurations = (
				CF8CB4151CB1F26800DF8028 /* Debug */,
				CF8CB4161CB1F26800DF8028 /* Release */,
			);
			defaultConfigurationIsVisible = 0;
			defaultConfigurationName = Release;
		};
/* End XCConfigurationList section */
	};
	rootObject = CF8CB3D61CB1F26700DF8028 /* Project object */;
}
